{
  "name": "kite-cable",
  "version": "0.0.1",
  "lockfileVersion": 2,
  "requires": true,
  "packages": {
    "": {
      "name": "kite-cable",
      "version": "0.0.1",
      "license": "AGPL-3.0",
      "dependencies": {
        "@protobuf-ts/runtime": "^2.7.0",
        "@protobuf-ts/runtime-rpc": "^2.7.0"
      }
    },
    "node_modules/@protobuf-ts/runtime": {
      "version": "2.7.0",
      "resolved": "https://registry.npmjs.org/@protobuf-ts/runtime/-/runtime-2.7.0.tgz",
      "integrity": "sha512-CzunTplg81oMkF9MnSYiX2WOdHnAyHKnokZncgOHm5bt8iEfFNnUsMSbsWUus/ulRNIZ9VAVMjutd96vmySQaw=="
    },
    "node_modules/@protobuf-ts/runtime-rpc": {
      "version": "2.7.0",
      "resolved": "https://registry.npmjs.org/@protobuf-ts/runtime-rpc/-/runtime-rpc-2.7.0.tgz",
      "integrity": "sha512-ha2HFJYLam1Zv04roq4MgYgdivoXv3s5uDQpr6jOAflAduNRWpB5IFegvPvtdc89j4xs7vuNPIGyZtP/MgYAXA==",
      "dependencies": {
        "@protobuf-ts/runtime": "^2.7.0"
      }
    }
  },
  "dependencies": {
    "@protobuf-ts/runtime": {
      "version": "2.7.0",
      "resolved": "https://registry.npmjs.org/@protobuf-ts/runtime/-/runtime-2.7.0.tgz",
      "integrity": "sha512-CzunTplg81oMkF9MnSYiX2WOdHnAyHKnokZncgOHm5bt8iEfFNnUsMSbsWUus/ulRNIZ9VAVMjutd96vmySQaw=="
    },
    "@protobuf-ts/runtime-rpc": {
      "version": "2.7.0",
      "resolved": "https://registry.npmjs.org/@protobuf-ts/runtime-rpc/-/runtime-rpc-2.7.0.tgz",
      "integrity": "sha512-ha2HFJYLam1Zv04roq4MgYgdivoXv3s5uDQpr6jOAflAduNRWpB5IFegvPvtdc89j4xs7vuNPIGyZtP/MgYAXA==",
      "requires": {
        "@protobuf-ts/runtime": "^2.7.0"
      }
    }
  }
}
